github.com/brane-app/database-library v0.0.0-20201213235510-b41c3b0be731 h1:+8UtDGeP+0fNTcrfPMR5ZfBYf20qW20HtI5L7OGrPTM=
github.com/brane-app/database-library v0.0.0-20201213235510-b41c3b0be731/go.mod h1:/67JIA66siHa717mkbgahnFZs9m+XOn5TFNuuIwtOEg=
github.com/brane-app/database-library v0.0.0-20210715075917-bccd1cc66e8d h1:Jiay1y7DNP4SR8bxmecgDBD4erNWHwLNDJzMhXDQELw=
github.com/brane-app/database-library v0.0.0-20210715075917-bccd1cc66e8d/go.mod h1:k9z9/BvBoC2zYROxnCta7OvvUnQHRNlCGQueHbAXBO0=
github.com/brane-app/types-library v0.0.0-20201213055509-5f764755b22d h1:6H3q6KguismcdYW8I6na/QZVYm+jfD49t8HlFcF0S+I=
github.com/brane-app/types-library v0.0.0-20201213055509-5f764755b22d/go.mod h1:caFw4qbdFJb/Sf+Y9MOyttX3SOo6aMLVsM6w6RJ78bM=
github.com/brane-app/types-library v0.0.0-20210715073740-2d81655815f7 h1:odCwSI2oZNzxugRW8HJpIQRaTY/L0g7gEUj6qpn4piw=
github.com/brane-app/types-library v0.0.0-20210715073740-2d81655815f7/go.mod h1:oTbmEp+H6Olq92OqSPfO10BWyNIK566rg2uZLK9OWps=
github.com/go-sql-driver/mysql v1.4.0/go.mod h1:zAC/RDZ24gD3HViQzih4MyKcchzm+sOG5ZlKdlhCg5w=
github.com/go-sql-driver/mysql v1.5.0 h1:ozyZYNQW3x3HtqT1jira07DN2PArx2v7/mN66gGcHOs=
github.com/go-sql-driver/mysql v1.5.0/go.mod h1:DCzpHaOWr8IXmIStZouvnhqoel9Qv2LBy8hT2VhHyBg=
github.com/google/uuid v1.1.1 h1:Gkbcsh/GbpXz7lPftLA3P6TYMwjCLYm83jiFQZF/3gY=
github.com/google/uuid v1.1.1/go.mod h1:TIyPZe4MgqvfeYDBFedMoGGpEw/LqOeaOT+nhxU+yHo=
github.com/google/uuid v1.1.2 h1:EVhdT+1Kseyi1/pUmXKaFxYsDNy9RQYkMWRH68J/W7Y=
github.com/google/uuid v1.1.2/go.mod h1:TIyPZe4MgqvfeYDBFedMoGGpEw/LqOeaOT+nhxU+yHo=
github.com/imonke/types v0.0.0-20200716234900-cc809fe194ca h1:05HItC8nW/HTrThoxmns33nPJ2l6cLejEeM7zUOWGwc=
github.com/imonke/types v0.0.0-20200716234900-cc809fe194ca/go.mod h1:+P64NN1CPbgU+kebfKsap37nZ8dR90c5SWO62/ZykUc=
github.com/imonke/types v0.0.0-20200717040938-ff87d755de3e h1:RfDH1Glhd7ifDDOGpfJMMeIbG5xhysyJoyrNWwcKNmw=
github.com/imonke/types v0.0.0-20200717040938-ff87d755de3e/go.mod h1:tnl8UuA/8tmi6FtaOpRkQpzEcnMzqmuaspow2zofsvY=
github.com/imonke/types v0.0.0-20201108235822-b761f9de344a h1:TSrGEgGtMUyGau9d+8XOr+y19RRfghvKnMojndAdQ+E=
github.com/imonke/types v0.0.0-20201108235822-b761f9de344a/go.mod h1:+P64NN1CPbgU+kebfKsap37nZ8dR90c5SWO62/ZykUc=
github.com/imonke/types v0.0.0-20201111032832-5890c2b1cc4c h1:CK2A/9gjElPSW3g99+x3lp0knvI72NNs1BMFgqDY0h0=
github.com/imonke/types v0.0.0-20201111032832-5890c2b1cc4c/go.mod h1:ZfXu2Q+i8POwrgitRKY9YI2L+HeH7u2ZpGpBUdmlNgM=
github.com/jmoiron/sqlx v1.2.0 h1:41Ip0zITnmWNR/vHV+S4m+VoUivnWY5E4OJfLZjCJMA=
github.com/jmoiron/sqlx v1.2.0/go.mod h1:1FEQNm3xlJgrMD+FBdI9+xvCksHtbpVBBw5dYhBSsks=
github.com/lib/pq v1.0.0/go.mod h1:5WUZQaWbwv1U+lTReE5YruASi9Al49XbQIvNi/34Woo=
github.com/mattn/go-sqlite3 v1.9.0/go.mod h1:FPy6KqzDD04eiIsT53CuJW3U88zkxoIYsOqkbpncsNc=
github.com/mitchellh/mapstructure v1.3.2 h1:mRS76wmkOn3KkKAyXDu42V+6ebnXWIztFSYGN7GeoRg=
github.com/mitchellh/mapstructure v1.3.2/go.mod h1:bFUtVrKA4DC2yAKiSyO/QUcy7e+RRV2QTWOzhPopBRo=
github.com/mitchellh/mapstructure v1.3.3 h1:SzB1nHZ2Xi+17FP0zVQBHIZqvwRN9408fJO8h+eeNA8=
github.com/mitchellh/mapstructure v1.3.3/go.mod h1:bFUtVrKA4DC2yAKiSyO/QUcy7e+RRV2QTWOzhPopBRo=
github.com/mitchellh/mapstructure v1.4.0 h1:7ks8ZkOP5/ujthUsT07rNv+nkLXCQWKNHuwzOAesEks=
github.com/mitchellh/mapstructure v1.4.0/go.mod h1:bFUtVrKA4DC2yAKiSyO/QUcy7e+RRV2QTWOzhPopBRo=
golang.org/x/crypto v0.0.0-20190308221718-c2843e01d9a2/go.mod h1:djNgcEr1/C05ACkg1iLfiJU5Ep61QUkGW8qpdssI0+w=
golang.org/x/crypto v0.0.0-20200709230013-948cd5f35899 h1:DZhuSZLsGlFL4CmhA8BcRA0mnthyA/nZ00AqCUo7vHg=
golang.org/x/crypto v0.0.0-20200709230013-948cd5f35899/go.mod h1:LzIPMQfyMNhhGPhUkYOs5KpL4U8rLKemX1yGLhDgUto=
golang.org/x/crypto v0.0.0-20200728195943-123391ffb6de h1:ikNHVSjEfnvz6sxdSPCaPt572qowuyMDMJLLm3Db3ig=
golang.org/x/crypto v0.0.0-20200728195943-123391ffb6de/go.mod h1:LzIPMQfyMNhhGPhUkYOs5KpL4U8rLKemX1yGLhDgUto=
golang.org/x/crypto v0.0.0-20201016220609-9e8e0b390897 h1:pLI5jrR7OSLijeIDcmRxNmw2api+jEfxLoykJVice/E=
golang.org/x/crypto v0.0.0-20201016220609-9e8e0b390897/go.mod h1:LzIPMQfyMNhhGPhUkYOs5KpL4U8rLKemX1yGLhDgUto=
golang.org/x/crypto v0.0.0-20201208171446-5f87f3452ae9 h1:sYNJzB4J8toYPQTM6pAkcmBRgw9SnQKP9oXCHfgy604=
golang.org/x/crypto v0.0.0-20201208171446-5f87f3452ae9/go.mod h1:jdWPYTVW3xRLrWPugEBEK3UY2ZEsg3UU495nc5E+M+I=
golang.org/x/net v0.0.0-20190404232315-eb5bcb51f2a3/go.mod h1:t9HGtf8HONx5eT2rtn7q6eTqICYqUVnKs3thJo3Qplg=
golang.org/x/sys v0.0.0-20190215142949-d0b11bdaac8a/go.mod h1:STP8DvDyc/dI5b8T5hshtkjS+E42TnysNCUPdjciGhY=
golang.org/x/sys v0.0.0-20190412213103-97732733099d/go.mod h1:h1NjWce9XRLGQEsW7wpKNCjG9DtNlClVuFLEZdDNbEs=
golang.org/x/sys v0.0.0-20191026070338-33540a1f6037/go.mod h1:h1NjWce9XRLGQEsW7wpKNCjG9DtNlClVuFLEZdDNbEs=
golang.org/x/term v0.0.0-20201117132131-f5c789dd3221/go.mod h1:Nr5EML6q2oocZ2LXRh80K7BxOlk5/8JxuGnuhpl+muw=
golang.org/x/text v0.3.0/go.mod h1:NqM8EUOU14njkJ3fqMW+pc6Ldnwhi/IjpwHt7yyuwOQ=
